
Microsoft Visual Studio Solution File, Format Version 12.00
# Visual Studio Version 16
VisualStudioVersion = 16.0.31205.134
MinimumVisualStudioVersion = 10.0.40219.1
Project("{FAE04EC0-301F-11D3-BF4B-00C04F79EFBC}") = "Presentacion GUI", "Presentacion GUI\Presentacion GUI.csproj", "{740CF9ED-9854-4DCA-9D7A-598B96EB8D51}"
EndProject
Global
	GlobalSection(SolutionConfigurationPlatforms) = preSolution
		Debug|Any CPU = Debug|Any CPU
		Release|Any CPU = Release|Any CPU
	EndGlobalSection
	GlobalSection(ProjectConfigurationPlatforms) = postSolution
		{740CF9ED-9854-4DCA-9D7A-598B96EB8D51}.Debug|Any CPU.ActiveCfg = Debug|Any CPU
		{740CF9ED-9854-4DCA-9D7A-598B96EB8D51}.Debug|Any CPU.Build.0 = Debug|Any CPU
		{740CF9ED-9854-4DCA-9D7A-598B96EB8D51}.Release|Any CPU.ActiveCfg = Release|Any CPU
		{740CF9ED-9854-4DCA-9D7A-598B96EB8D51}.Release|Any CPU.Build.0 = Release|Any CPU
	EndGlobalSection
	GlobalSection(SolutionProperties) = preSolution
		HideSolutionNode = FALSE
	EndGlobalSection
	GlobalSection(ExtensibilityGlobals) = postSolution
		SolutionGuid = {DCDB9943-BD23-43B7-8B76-5C227F9302EF}
	EndGlobalSection
EndGlobal
